
Microsoft Visual Studio Solution File, Format Version 12.00
# Visual Studio Version 17
VisualStudioVersion = 17.4.33213.308
MinimumVisualStudioVersion = 10.0.40219.1
Project("{2150E333-8FDC-42A3-9474-1A3956D46DE8}") = "Executable", "Executable", "{2EFA00BB-1AF3-1F0D-4325-05922F7DFF18}"
EndProject
Project("{8BC9CEB8-8B4A-11D0-8D11-00A0C91BC942}") = "HostileEngine", "HostileEngine\HostileEngine.vcxproj", "{33912931-9F51-A567-688C-EEE4D40BEA43}"
EndProject
Project("{2150E333-8FDC-42A3-9474-1A3956D46DE8}") = "Libs", "Libs", "{F673C85D-E22B-0AAB-4B33-E306370AA59B}"
EndProject
Project("{8BC9CEB8-8B4A-11D0-8D11-00A0C91BC942}") = "ImGui", "Libs\imgui\ImGui.vcxproj", "{C0FF640D-2C14-8DBE-F595-301E616989EF}"
EndProject
Project("{8BC9CEB8-8B4A-11D0-8D11-00A0C91BC942}") = "Tracy", "Libs\tracy\Tracy.vcxproj", "{88372F0E-F44B-57BF-BDCD-FA1E29A153F0}"
EndProject
Project("{8BC9CEB8-8B4A-11D0-8D11-00A0C91BC942}") = "spdlog", "Libs\spdlog\spdlog.vcxproj", "{8EAD431C-7A4F-6EF2-630A-82464F4BF542}"
EndProject
Project("{2150E333-8FDC-42A3-9474-1A3956D46DE8}") = "Script", "Script", "{417DA501-2DE0-34A6-D665-6D5CC2A70029}"
EndProject
Project("{FAE04EC0-301F-11D3-BF4B-00C04F79EFBC}") = "HostileEngine-Compiler", "HostileEngine-Compiler\HostileEngine-Compiler.csproj", "{FBF79A0F-E7F1-C361-D05E-5A72BCF729CE}"
EndProject
Project("{FAE04EC0-301F-11D3-BF4B-00C04F79EFBC}") = "HostileEngine-ScriptCore", "HostileEngine-ScriptCore\HostileEngine-ScriptCore.csproj", "{BE6550C0-AA8A-9F40-D3D5-84D0BF599E5E}"
EndProject
Global
	GlobalSection(SolutionConfigurationPlatforms) = preSolution
		Debug|Win64 = Debug|Win64
		Release|Win64 = Release|Win64
	EndGlobalSection
	GlobalSection(ProjectConfigurationPlatforms) = postSolution
		{33912931-9F51-A567-688C-EEE4D40BEA43}.Debug|Win64.ActiveCfg = Debug Win64|x64
		{33912931-9F51-A567-688C-EEE4D40BEA43}.Debug|Win64.Build.0 = Debug Win64|x64
		{33912931-9F51-A567-688C-EEE4D40BEA43}.Release|Win64.ActiveCfg = Release Win64|x64
		{33912931-9F51-A567-688C-EEE4D40BEA43}.Release|Win64.Build.0 = Release Win64|x64
		{C0FF640D-2C14-8DBE-F595-301E616989EF}.Debug|Win64.ActiveCfg = Debug Win64|x64
		{C0FF640D-2C14-8DBE-F595-301E616989EF}.Debug|Win64.Build.0 = Debug Win64|x64
		{C0FF640D-2C14-8DBE-F595-301E616989EF}.Release|Win64.ActiveCfg = Release Win64|x64
		{C0FF640D-2C14-8DBE-F595-301E616989EF}.Release|Win64.Build.0 = Release Win64|x64
		{88372F0E-F44B-57BF-BDCD-FA1E29A153F0}.Debug|Win64.ActiveCfg = Debug Win64|x64
		{88372F0E-F44B-57BF-BDCD-FA1E29A153F0}.Debug|Win64.Build.0 = Debug Win64|x64
		{88372F0E-F44B-57BF-BDCD-FA1E29A153F0}.Release|Win64.ActiveCfg = Release Win64|x64
		{88372F0E-F44B-57BF-BDCD-FA1E29A153F0}.Release|Win64.Build.0 = Release Win64|x64
		{8EAD431C-7A4F-6EF2-630A-82464F4BF542}.Debug|Win64.ActiveCfg = Debug Win64|x64
		{8EAD431C-7A4F-6EF2-630A-82464F4BF542}.Debug|Win64.Build.0 = Debug Win64|x64
		{8EAD431C-7A4F-6EF2-630A-82464F4BF542}.Release|Win64.ActiveCfg = Release Win64|x64
		{8EAD431C-7A4F-6EF2-630A-82464F4BF542}.Release|Win64.Build.0 = Release Win64|x64
		{FBF79A0F-E7F1-C361-D05E-5A72BCF729CE}.Debug|Win64.ActiveCfg = Debug Win64|x64
		{FBF79A0F-E7F1-C361-D05E-5A72BCF729CE}.Debug|Win64.Build.0 = Debug Win64|x64
		{FBF79A0F-E7F1-C361-D05E-5A72BCF729CE}.Release|Win64.ActiveCfg = Release Win64|x64
		{FBF79A0F-E7F1-C361-D05E-5A72BCF729CE}.Release|Win64.Build.0 = Release Win64|x64
		{BE6550C0-AA8A-9F40-D3D5-84D0BF599E5E}.Debug|Win64.ActiveCfg = Debug Win64|x64
		{BE6550C0-AA8A-9F40-D3D5-84D0BF599E5E}.Debug|Win64.Build.0 = Debug Win64|x64
		{BE6550C0-AA8A-9F40-D3D5-84D0BF599E5E}.Release|Win64.ActiveCfg = Release Win64|x64
		{BE6550C0-AA8A-9F40-D3D5-84D0BF599E5E}.Release|Win64.Build.0 = Release Win64|x64
	EndGlobalSection
	GlobalSection(SolutionProperties) = preSolution
		HideSolutionNode = FALSE
	EndGlobalSection
	GlobalSection(NestedProjects) = preSolution
		{33912931-9F51-A567-688C-EEE4D40BEA43} = {2EFA00BB-1AF3-1F0D-4325-05922F7DFF18}
		{C0FF640D-2C14-8DBE-F595-301E616989EF} = {F673C85D-E22B-0AAB-4B33-E306370AA59B}
		{88372F0E-F44B-57BF-BDCD-FA1E29A153F0} = {F673C85D-E22B-0AAB-4B33-E306370AA59B}
		{8EAD431C-7A4F-6EF2-630A-82464F4BF542} = {F673C85D-E22B-0AAB-4B33-E306370AA59B}
		{FBF79A0F-E7F1-C361-D05E-5A72BCF729CE} = {417DA501-2DE0-34A6-D665-6D5CC2A70029}
		{BE6550C0-AA8A-9F40-D3D5-84D0BF599E5E} = {417DA501-2DE0-34A6-D665-6D5CC2A70029}
	EndGlobalSection
	GlobalSection(ExtensibilityGlobals) = postSolution
		SolutionGuid = {5A6CC7EE-A1F0-4AC4-8800-2662F7634570}
	EndGlobalSection
EndGlobal
