<?xml version="1.0" encoding="utf-8"?>
<Project ToolsVersion="4.0" xmlns="http://schemas.microsoft.com/developer/msbuild/2003">
  <ItemGroup>
    <Filter Include="example">
      <UniqueIdentifier>{F1997D81-5D79-FC1C-6691-87F3D2EF627E}</UniqueIdentifier>
    </Filter>
    <Filter Include="vcpkg-example">
      <UniqueIdentifier>{D9A742DD-4568-BE13-0EA3-07917A2203F0}</UniqueIdentifier>
    </Filter>
  </ItemGroup>
  <ItemGroup>
    <ClInclude Include="imguizmo\GraphEditor.h" />
    <ClInclude Include="imguizmo\ImCurveEdit.h" />
    <ClInclude Include="imguizmo\ImGradient.h" />
    <ClInclude Include="imguizmo\ImGuizmo.h" />
    <ClInclude Include="imguizmo\ImSequencer.h" />
    <ClInclude Include="imguizmo\ImZoomSlider.h" />
    <ClInclude Include="imguizmo\example\ImApp.h">
      <Filter>example</Filter>
    </ClInclude>
    <ClInclude Include="imguizmo\example\imconfig.h">
      <Filter>example</Filter>
    </ClInclude>
    <ClInclude Include="imguizmo\example\imgui.h">
      <Filter>example</Filter>
    </ClInclude>
    <ClInclude Include="imguizmo\example\imgui_internal.h">
      <Filter>example</Filter>
    </ClInclude>
    <ClInclude Include="imguizmo\example\imstb_rectpack.h">
      <Filter>example</Filter>
    </ClInclude>
    <ClInclude Include="imguizmo\example\imstb_textedit.h">
      <Filter>example</Filter>
    </ClInclude>
    <ClInclude Include="imguizmo\example\imstb_truetype.h">
      <Filter>example</Filter>
    </ClInclude>
    <ClInclude Include="imguizmo\example\stb_image.h">
      <Filter>example</Filter>
    </ClInclude>
    <ClInclude Include="imguizmo\vcpkg-example\ImApp.h">
      <Filter>vcpkg-example</Filter>
    </ClInclude>
  </ItemGroup>
  <ItemGroup>
    <ClCompile Include="imguizmo\GraphEditor.cpp" />
    <ClCompile Include="imguizmo\ImCurveEdit.cpp" />
    <ClCompile Include="imguizmo\ImGradient.cpp" />
    <ClCompile Include="imguizmo\ImGuizmo.cpp" />
    <ClCompile Include="imguizmo\ImSequencer.cpp" />
    <ClCompile Include="imguizmo\example\imgui.cpp">
      <Filter>example</Filter>
    </ClCompile>
    <ClCompile Include="imguizmo\example\imgui_demo.cpp">
      <Filter>example</Filter>
    </ClCompile>
    <ClCompile Include="imguizmo\example\imgui_draw.cpp">
      <Filter>example</Filter>
    </ClCompile>
    <ClCompile Include="imguizmo\example\imgui_tables.cpp">
      <Filter>example</Filter>
    </ClCompile>
    <ClCompile Include="imguizmo\example\imgui_widgets.cpp">
      <Filter>example</Filter>
    </ClCompile>
    <ClCompile Include="imguizmo\example\main.cpp">
      <Filter>example</Filter>
    </ClCompile>
    <ClCompile Include="imguizmo\vcpkg-example\main.cpp">
      <Filter>vcpkg-example</Filter>
    </ClCompile>
  </ItemGroup>
</Project>