<?xml version="1.0" encoding="utf-8"?>
<Project ToolsVersion="4.0" xmlns="http://schemas.microsoft.com/developer/msbuild/2003">
  <ItemGroup>
    <Filter Include="Script">
      <UniqueIdentifier>{9AFBBAD0-869D-E5A6-6F58-F9FA5B996CF7}</UniqueIdentifier>
    </Filter>
  </ItemGroup>
  <ItemGroup>
    <ClInclude Include="src\Camera.h" />
    <ClInclude Include="src\Delegate.h" />
    <ClInclude Include="src\Deseralizer.h" />
    <ClInclude Include="src\DetectCollisionSys.h" />
    <ClInclude Include="src\DirectPipeline.h" />
    <ClInclude Include="src\Engine.h" />
    <ClInclude Include="src\Graphics.h" />
    <ClInclude Include="src\GraphicsHelpers.h" />
    <ClInclude Include="src\GraphicsSystem.h" />
    <ClInclude Include="src\GravitySys.h" />
    <ClInclude Include="src\Gui.h" />
    <ClInclude Include="src\IGraphics.h" />
    <ClInclude Include="src\ISystem.h" />
    <ClInclude Include="src\ISystemPtr.h" />
    <ClInclude Include="src\ImguiTheme.h" />
    <ClInclude Include="src\Input.h" />
    <ClInclude Include="src\InputKeyCodes.h" />
    <ClInclude Include="src\IntegrateSys.h" />
    <ClInclude Include="src\Log.h" />
    <ClInclude Include="src\Matrix3.h" />
    <ClInclude Include="src\ResolveCollisionSys.h" />
    <ClInclude Include="src\ResourceLoader.h" />
    <ClInclude Include="src\Rigidbody.h" />
    <ClInclude Include="src\SceneViewer.h" />
    <ClInclude Include="src\Script\ScriptCompiler.h">
      <Filter>Script</Filter>
    </ClInclude>
    <ClInclude Include="src\Script\ScriptEngine.h">
      <Filter>Script</Filter>
    </ClInclude>
    <ClInclude Include="src\Stub.h" />
    <ClInclude Include="src\TransformSys.h" />
    <ClInclude Include="src\stdafx.h" />
    <ClInclude Include="src\Geometry.h" />
  </ItemGroup>
  <ItemGroup>
    <ClCompile Include="src\Camera.cpp" />
    <ClCompile Include="src\Deseralizer.cpp" />
    <ClCompile Include="src\DetectCollisionSys.cpp" />
    <ClCompile Include="src\DirectPipeline.cpp" />
    <ClCompile Include="src\Engine.cpp" />
    <ClCompile Include="src\Graphics.cpp" />
    <ClCompile Include="src\GraphicsSystem.cpp" />
    <ClCompile Include="src\GravitySys.cpp" />
    <ClCompile Include="src\Gui.cpp" />
    <ClCompile Include="src\ImguiTheme.cpp" />
    <ClCompile Include="src\Imgui_Impl.cpp" />
    <ClCompile Include="src\Input.cpp" />
    <ClCompile Include="src\IntegrateSys.cpp" />
    <ClCompile Include="src\Log.cpp" />
    <ClCompile Include="src\Matrix3.cpp" />
    <ClCompile Include="src\ResolveCollisionSys.cpp" />
    <ClCompile Include="src\ResourceLoader.cpp" />
    <ClCompile Include="src\SceneViewer.cpp" />
    <ClCompile Include="src\Script\ScriptCompiler.cpp">
      <Filter>Script</Filter>
    </ClCompile>
    <ClCompile Include="src\Script\ScriptEngine.cpp">
      <Filter>Script</Filter>
    </ClCompile>
    <ClCompile Include="src\Stub.cpp" />
    <ClCompile Include="src\TransformSys.cpp" />
    <ClCompile Include="src\main.cpp" />
    <ClCompile Include="src\stdafx.cpp" />
    <ClCompile Include="src\Geometry.cpp" />
  </ItemGroup>
</Project>