<?xml version="1.0" encoding="utf-8"?>
<Project ToolsVersion="4.0" xmlns="http://schemas.microsoft.com/developer/msbuild/2003">
  <ItemGroup>
    <ClCompile Include="DirectPipeline.cpp" />
    <ClCompile Include="src\Camera.cpp" />
    <ClCompile Include="src\Engine.cpp" />
    <ClCompile Include="src\Graphics.cpp" />
    <ClCompile Include="src\Gui.cpp" />
    <ClCompile Include="src\ImguiTheme.cpp" />
    <ClCompile Include="src\Imgui_Impl.cpp" />
    <ClCompile Include="src\Input.cpp" />
    <ClCompile Include="src\Log.cpp" />
    <ClCompile Include="src\SceneViewer.cpp" />
    <ClCompile Include="src\Stub.cpp" />
    <ClCompile Include="src\TransformSys.cpp" />
    <ClCompile Include="src\main.cpp" />
    <ClCompile Include="src\stdafx.cpp" />
    <ClCompile Include="src\GravitySys.cpp" />
    <ClCompile Include="src\ResolveCollisionSys.cpp" />
    <ClCompile Include="src\DetectCollisionSys.cpp" />
    <ClCompile Include="IntegrateSys.cpp" />
  </ItemGroup>
  <ItemGroup>
    <ClInclude Include="DirectPipeline.h" />
    <ClInclude Include="GraphicsHelpers.h" />
    <ClInclude Include="ISystemPtr.h" />
    <ClInclude Include="src\Camera.h" />
    <ClInclude Include="src\Engine.h" />
    <ClInclude Include="src\Graphics.h" />
    <ClInclude Include="src\Gui.h" />
    <ClInclude Include="src\Input.h" />
    <ClInclude Include="src\InputKeyCodes.h" />
    <ClInclude Include="src\ISystem.h" />
    <ClInclude Include="src\ImguiTheme.h" />
    <ClInclude Include="src\Log.h" />
    <ClInclude Include="src\SceneViewer.h" />
    <ClInclude Include="src\Stub.h" />
    <ClInclude Include="src\TransformSys.h" />
    <ClInclude Include="src\stdafx.h" />
    <ClInclude Include="src\GravitySys.h" />
    <ClInclude Include="src\ResolveCollisionSys.h" />
    <ClInclude Include="src\DetectCollisionSys.h" />
    <ClInclude Include="IntegrateSys.h" />
  </ItemGroup>
</Project>