<?xml version="1.0" encoding="utf-8"?>
<Project ToolsVersion="4.0" xmlns="http://schemas.microsoft.com/developer/msbuild/2003">
  <ItemGroup>
    <Filter Include="Gui">
      <UniqueIdentifier>{6AF0870B-D6F9-877C-5F75-9E7CCB7D937C}</UniqueIdentifier>
    </Filter>
    <Filter Include="src">
      <UniqueIdentifier>{2DAB880B-99B4-887C-2230-9F7C8E38947C}</UniqueIdentifier>
    </Filter>
    <Filter Include="src\Script">
      <UniqueIdentifier>{D1D4192E-BD8C-5B7B-2694-34D7126BF66B}</UniqueIdentifier>
    </Filter>
  </ItemGroup>
  <ItemGroup>
    <ClInclude Include="src\Camera.h">
      <Filter>src</Filter>
    </ClInclude>
    <ClInclude Include="src\Delegate.h">
      <Filter>src</Filter>
    </ClInclude>
    <ClInclude Include="src\Deseralizer.h">
      <Filter>src</Filter>
    </ClInclude>
    <ClInclude Include="src\DetectCollisionSys.h">
      <Filter>src</Filter>
    </ClInclude>
    <ClInclude Include="src\DirectPipeline.h">
      <Filter>src</Filter>
    </ClInclude>
    <ClInclude Include="src\Engine.h">
      <Filter>src</Filter>
    </ClInclude>
    <ClInclude Include="src\FileExplorer.h">
      <Filter>Gui</Filter>
    </ClInclude>
    <ClInclude Include="src\Graphics.h">
      <Filter>src</Filter>
    </ClInclude>
    <ClInclude Include="src\GraphicsHelpers.h">
      <Filter>src</Filter>
    </ClInclude>
    <ClInclude Include="src\GraphicsSystem.h">
      <Filter>src</Filter>
    </ClInclude>
    <ClInclude Include="src\GravitySys.h">
      <Filter>src</Filter>
    </ClInclude>
    <ClInclude Include="src\Gui.h">
      <Filter>Gui</Filter>
    </ClInclude>
    <ClInclude Include="src\IGraphics.h">
      <Filter>src</Filter>
    </ClInclude>
    <ClInclude Include="src\ISystem.h">
      <Filter>src</Filter>
    </ClInclude>
    <ClInclude Include="src\ISystemPtr.h">
      <Filter>src</Filter>
    </ClInclude>
    <ClInclude Include="src\IconsFontAwesome6.h">
      <Filter>src</Filter>
    </ClInclude>
    <ClInclude Include="src\ImguiTheme.h">
      <Filter>src</Filter>
    </ClInclude>
    <ClInclude Include="src\Input.h">
      <Filter>src</Filter>
    </ClInclude>
    <ClInclude Include="src\InputKeyCodes.h">
      <Filter>src</Filter>
    </ClInclude>
    <ClInclude Include="src\Inspector.h">
      <Filter>src</Filter>
    </ClInclude>
    <ClInclude Include="src\IntegrateSys.h">
      <Filter>src</Filter>
    </ClInclude>
    <ClInclude Include="src\Log.h">
      <Filter>src</Filter>
    </ClInclude>
    <ClInclude Include="src\Matrix3.h">
      <Filter>src</Filter>
    </ClInclude>
    <ClInclude Include="src\ResolveCollisionSys.h">
      <Filter>src</Filter>
    </ClInclude>
    <ClInclude Include="src\ResourceLoader.h">
      <Filter>src</Filter>
    </ClInclude>
    <ClInclude Include="src\Rigidbody.h">
      <Filter>src</Filter>
    </ClInclude>
    <ClInclude Include="src\SceneViewer.h">
      <Filter>Gui</Filter>
    </ClInclude>
    <ClInclude Include="src\Script\ScriptClass.h">
      <Filter>src\Script</Filter>
    </ClInclude>
    <ClInclude Include="src\Script\ScriptCompiler.h">
      <Filter>src\Script</Filter>
    </ClInclude>
    <ClInclude Include="src\Script\ScriptEngine.h">
      <Filter>src\Script</Filter>
    </ClInclude>
    <ClInclude Include="src\Script\ScriptField.h">
      <Filter>src\Script</Filter>
    </ClInclude>
    <ClInclude Include="src\Script\ScriptGlue.h">
      <Filter>src\Script</Filter>
    </ClInclude>
    <ClInclude Include="src\Script\ScriptInstance.h">
      <Filter>src\Script</Filter>
    </ClInclude>
    <ClInclude Include="src\Script\ScriptSys.h">
      <Filter>src\Script</Filter>
    </ClInclude>
    <ClInclude Include="src\Serializer.h">
      <Filter>src</Filter>
    </ClInclude>
    <ClInclude Include="src\Stub.h">
      <Filter>src</Filter>
    </ClInclude>
    <ClInclude Include="src\TransformSys.h">
      <Filter>src</Filter>
    </ClInclude>
    <ClInclude Include="src\font_awesome.h">
      <Filter>src</Filter>
    </ClInclude>
    <ClInclude Include="src\stdafx.h">
      <Filter>src</Filter>
    </ClInclude>
    <ClInclude Include="src\Stub.h" />
    <ClInclude Include="src\TransformSys.h" />
    <ClInclude Include="src\stdafx.h" />
    <ClInclude Include="src\Geometry.h" />
  </ItemGroup>
  <ItemGroup>
    <ClCompile Include="src\Camera.cpp">
      <Filter>src</Filter>
    </ClCompile>
    <ClCompile Include="src\Deseralizer.cpp">
      <Filter>src</Filter>
    </ClCompile>
    <ClCompile Include="src\DetectCollisionSys.cpp">
      <Filter>src</Filter>
    </ClCompile>
    <ClCompile Include="src\DirectPipeline.cpp">
      <Filter>src</Filter>
    </ClCompile>
    <ClCompile Include="src\Engine.cpp">
      <Filter>src</Filter>
    </ClCompile>
    <ClCompile Include="src\FileExplorer.cpp">
      <Filter>Gui</Filter>
    </ClCompile>
    <ClCompile Include="src\Graphics.cpp">
      <Filter>src</Filter>
    </ClCompile>
    <ClCompile Include="src\GraphicsSystem.cpp">
      <Filter>src</Filter>
    </ClCompile>
    <ClCompile Include="src\GravitySys.cpp">
      <Filter>src</Filter>
    </ClCompile>
    <ClCompile Include="src\Gui.cpp">
      <Filter>Gui</Filter>
    </ClCompile>
    <ClCompile Include="src\ImguiTheme.cpp">
      <Filter>src</Filter>
    </ClCompile>
    <ClCompile Include="src\Imgui_Impl.cpp">
      <Filter>src</Filter>
    </ClCompile>
    <ClCompile Include="src\Input.cpp">
      <Filter>src</Filter>
    </ClCompile>
    <ClCompile Include="src\Inspector.cpp">
      <Filter>src</Filter>
    </ClCompile>
    <ClCompile Include="src\IntegrateSys.cpp">
      <Filter>src</Filter>
    </ClCompile>
    <ClCompile Include="src\Log.cpp">
      <Filter>src</Filter>
    </ClCompile>
    <ClCompile Include="src\Matrix3.cpp">
      <Filter>src</Filter>
    </ClCompile>
    <ClCompile Include="src\ResolveCollisionSys.cpp">
      <Filter>src</Filter>
    </ClCompile>
    <ClCompile Include="src\ResourceLoader.cpp">
      <Filter>src</Filter>
    </ClCompile>
    <ClCompile Include="src\SceneViewer.cpp">
      <Filter>Gui</Filter>
    </ClCompile>
    <ClCompile Include="src\Script\ScriptClass.cpp">
      <Filter>src\Script</Filter>
    </ClCompile>
    <ClCompile Include="src\Script\ScriptCompiler.cpp">
      <Filter>src\Script</Filter>
    </ClCompile>
    <ClCompile Include="src\Script\ScriptEngine.cpp">
      <Filter>src\Script</Filter>
    </ClCompile>
    <ClCompile Include="src\Script\ScriptGlue.cpp">
      <Filter>src\Script</Filter>
    </ClCompile>
    <ClCompile Include="src\Script\ScriptInstance.cpp">
      <Filter>src\Script</Filter>
    </ClCompile>
    <ClCompile Include="src\Script\ScriptSys.cpp">
      <Filter>src\Script</Filter>
    </ClCompile>
    <ClCompile Include="src\Serializer.cpp">
      <Filter>src</Filter>
    </ClCompile>
    <ClCompile Include="src\Stub.cpp">
      <Filter>src</Filter>
    </ClCompile>
    <ClCompile Include="src\TransformSys.cpp">
      <Filter>src</Filter>
    </ClCompile>
    <ClCompile Include="src\font_awesome.cpp">
      <Filter>src</Filter>
    </ClCompile>
    <ClCompile Include="src\main.cpp">
      <Filter>src</Filter>
    </ClCompile>
    <ClCompile Include="src\stdafx.cpp">
      <Filter>src</Filter>
    </ClCompile>
    <ClCompile Include="src\Stub.cpp" />
    <ClCompile Include="src\TransformSys.cpp" />
    <ClCompile Include="src\main.cpp" />
    <ClCompile Include="src\stdafx.cpp" />
    <ClCompile Include="src\Geometry.cpp" />
  </ItemGroup>
</Project>